
Microsoft Visual Studio Solution File, Format Version 12.00
Project("{FAE04EC0-301F-11D3-BF4B-00C04F79EFBC}") = "Application", "Application\Application.csproj", "{CACD8B4F-BBDD-4C39-85C5-4839CEB79DD3}"
EndProject
Global
	GlobalSection(SolutionConfigurationPlatforms) = preSolution
		Debug|Any CPU = Debug|Any CPU
		Release|Any CPU = Release|Any CPU
	EndGlobalSection
	GlobalSection(ProjectConfigurationPlatforms) = postSolution
		{CACD8B4F-BBDD-4C39-85C5-4839CEB79DD3}.Debug|Any CPU.ActiveCfg = Debug|Any CPU
		{CACD8B4F-BBDD-4C39-85C5-4839CEB79DD3}.Debug|Any CPU.Build.0 = Debug|Any CPU
		{CACD8B4F-BBDD-4C39-85C5-4839CEB79DD3}.Release|Any CPU.ActiveCfg = Release|Any CPU
		{CACD8B4F-BBDD-4C39-85C5-4839CEB79DD3}.Release|Any CPU.Build.0 = Release|Any CPU
	EndGlobalSection
EndGlobal
